
Microsoft Visual Studio Solution File, Format Version 12.00
# Visual Studio Version 16
VisualStudioVersion = 16.0.31624.102
MinimumVisualStudioVersion = 10.0.40219.1
Project("{FAE04EC0-301F-11D3-BF4B-00C04F79EFBC}") = "ValidationBehaviour_toolsBasics", "ValidationBehaviour_toolsBasics.csproj", "{63C79CCB-11F9-4287-8FF4-B8EC72BCB068}"
EndProject
Global
	GlobalSection(SolutionConfigurationPlatforms) = preSolution
		Debug|Any CPU = Debug|Any CPU
		Release|Any CPU = Release|Any CPU
	EndGlobalSection
	GlobalSection(ProjectConfigurationPlatforms) = postSolution
		{63C79CCB-11F9-4287-8FF4-B8EC72BCB068}.Debug|Any CPU.ActiveCfg = Debug|Any CPU
		{63C79CCB-11F9-4287-8FF4-B8EC72BCB068}.Debug|Any CPU.Build.0 = Debug|Any CPU
		{63C79CCB-11F9-4287-8FF4-B8EC72BCB068}.Release|Any CPU.ActiveCfg = Release|Any CPU
		{63C79CCB-11F9-4287-8FF4-B8EC72BCB068}.Release|Any CPU.Build.0 = Release|Any CPU
	EndGlobalSection
	GlobalSection(SolutionProperties) = preSolution
		HideSolutionNode = FALSE
	EndGlobalSection
	GlobalSection(ExtensibilityGlobals) = postSolution
		SolutionGuid = {CCCA8D63-C412-4CE0-A9FB-AD326C7DE086}
	EndGlobalSection
EndGlobal
